
Microsoft Visual Studio Solution File, Format Version 12.00
# Visual Studio 2013
VisualStudioVersion = 12.0.21005.1
MinimumVisualStudioVersion = 10.0.40219.1
Project("{FAE04EC0-301F-11D3-BF4B-00C04F79EFBC}") = "MyConjuringDbApi", "MyConjuringDbApi\MyConjuringDbApi.csproj", "{528EDF44-3273-4E5E-97D5-CDF367399EAE}"
EndProject
Project("{FAE04EC0-301F-11D3-BF4B-00C04F79EFBC}") = "ConjuringClub", "ConjuringClub\ConjuringClub.csproj", "{3378AD76-707C-43F3-9749-2978B0F42AEC}"
EndProject
Global
	GlobalSection(SolutionConfigurationPlatforms) = preSolution
		Debug|Any CPU = Debug|Any CPU
		Release|Any CPU = Release|Any CPU
	EndGlobalSection
	GlobalSection(ProjectConfigurationPlatforms) = postSolution
		{528EDF44-3273-4E5E-97D5-CDF367399EAE}.Debug|Any CPU.ActiveCfg = Debug|Any CPU
		{528EDF44-3273-4E5E-97D5-CDF367399EAE}.Debug|Any CPU.Build.0 = Debug|Any CPU
		{528EDF44-3273-4E5E-97D5-CDF367399EAE}.Release|Any CPU.ActiveCfg = Release|Any CPU
		{528EDF44-3273-4E5E-97D5-CDF367399EAE}.Release|Any CPU.Build.0 = Release|Any CPU
		{3378AD76-707C-43F3-9749-2978B0F42AEC}.Debug|Any CPU.ActiveCfg = Debug|Any CPU
		{3378AD76-707C-43F3-9749-2978B0F42AEC}.Debug|Any CPU.Build.0 = Debug|Any CPU
		{3378AD76-707C-43F3-9749-2978B0F42AEC}.Release|Any CPU.ActiveCfg = Release|Any CPU
		{3378AD76-707C-43F3-9749-2978B0F42AEC}.Release|Any CPU.Build.0 = Release|Any CPU
	EndGlobalSection
	GlobalSection(SolutionProperties) = preSolution
		HideSolutionNode = FALSE
	EndGlobalSection
EndGlobal
